
Microsoft Visual Studio Solution File, Format Version 12.00
# Visual Studio 15
VisualStudioVersion = 15.0.27130.2036
MinimumVisualStudioVersion = 10.0.40219.1
Project("{9A19103F-16F7-4668-BE54-9A1E7A4F7556}") = "Security.HMACAuthentication", "Security.HMACAuthentication\Security.HMACAuthentication.csproj", "{642DB54D-FC5A-444F-8A8B-233C285F3888}"
EndProject
Project("{FAE04EC0-301F-11D3-BF4B-00C04F79EFBC}") = "Security.HMACAuthentication.Tests", "Security.HMACAuthentication.Tests\Security.HMACAuthentication.Tests.csproj", "{0AEF4D36-2203-4E8C-8F34-C050F709B253}"
EndProject
Global
	GlobalSection(SolutionConfigurationPlatforms) = preSolution
		Debug|Any CPU = Debug|Any CPU
		Release|Any CPU = Release|Any CPU
	EndGlobalSection
	GlobalSection(ProjectConfigurationPlatforms) = postSolution
		{642DB54D-FC5A-444F-8A8B-233C285F3888}.Debug|Any CPU.ActiveCfg = Debug|Any CPU
		{642DB54D-FC5A-444F-8A8B-233C285F3888}.Debug|Any CPU.Build.0 = Debug|Any CPU
		{642DB54D-FC5A-444F-8A8B-233C285F3888}.Release|Any CPU.ActiveCfg = Release|Any CPU
		{642DB54D-FC5A-444F-8A8B-233C285F3888}.Release|Any CPU.Build.0 = Release|Any CPU
		{0AEF4D36-2203-4E8C-8F34-C050F709B253}.Debug|Any CPU.ActiveCfg = Debug|Any CPU
		{0AEF4D36-2203-4E8C-8F34-C050F709B253}.Debug|Any CPU.Build.0 = Debug|Any CPU
		{0AEF4D36-2203-4E8C-8F34-C050F709B253}.Release|Any CPU.ActiveCfg = Release|Any CPU
		{0AEF4D36-2203-4E8C-8F34-C050F709B253}.Release|Any CPU.Build.0 = Release|Any CPU
	EndGlobalSection
	GlobalSection(SolutionProperties) = preSolution
		HideSolutionNode = FALSE
	EndGlobalSection
	GlobalSection(ExtensibilityGlobals) = postSolution
		SolutionGuid = {35F466AD-9BC2-4E15-B866-06EDF62C9216}
	EndGlobalSection
EndGlobal
